
Microsoft Visual Studio Solution File, Format Version 12.00
# Visual Studio 15
VisualStudioVersion = 15.0.28010.2050
MinimumVisualStudioVersion = 10.0.40219.1
Project("{FAE04EC0-301F-11D3-BF4B-00C04F79EFBC}") = "Site", "Site\Site.csproj", "{9482519E-4158-45F3-8D4B-CC46AA802B18}"
EndProject
Global
	GlobalSection(SolutionConfigurationPlatforms) = preSolution
		Debug|Any CPU = Debug|Any CPU
		Release|Any CPU = Release|Any CPU
	EndGlobalSection
	GlobalSection(ProjectConfigurationPlatforms) = postSolution
		{9482519E-4158-45F3-8D4B-CC46AA802B18}.Debug|Any CPU.ActiveCfg = Debug|Any CPU
		{9482519E-4158-45F3-8D4B-CC46AA802B18}.Debug|Any CPU.Build.0 = Debug|Any CPU
		{9482519E-4158-45F3-8D4B-CC46AA802B18}.Release|Any CPU.ActiveCfg = Release|Any CPU
		{9482519E-4158-45F3-8D4B-CC46AA802B18}.Release|Any CPU.Build.0 = Release|Any CPU
	EndGlobalSection
	GlobalSection(SolutionProperties) = preSolution
		HideSolutionNode = FALSE
	EndGlobalSection
	GlobalSection(ExtensibilityGlobals) = postSolution
		SolutionGuid = {AD43B745-9857-4CB6-BF38-7AC30C538B7D}
	EndGlobalSection
EndGlobal
